
Microsoft Visual Studio Solution File, Format Version 12.00
# Visual Studio Version 16
VisualStudioVersion = 16.0.31702.278
MinimumVisualStudioVersion = 10.0.40219.1
Project("{FAE04EC0-301F-11D3-BF4B-00C04F79EFBC}") = "RoutineService", "RoutineService.csproj", "{C297BB97-FDEA-4BE2-92A7-CB3ACE46EEA3}"
EndProject
Global
	GlobalSection(SolutionConfigurationPlatforms) = preSolution
		Debug|Any CPU = Debug|Any CPU
		Release|Any CPU = Release|Any CPU
	EndGlobalSection
	GlobalSection(ProjectConfigurationPlatforms) = postSolution
		{C297BB97-FDEA-4BE2-92A7-CB3ACE46EEA3}.Debug|Any CPU.ActiveCfg = Debug|Any CPU
		{C297BB97-FDEA-4BE2-92A7-CB3ACE46EEA3}.Debug|Any CPU.Build.0 = Debug|Any CPU
		{C297BB97-FDEA-4BE2-92A7-CB3ACE46EEA3}.Release|Any CPU.ActiveCfg = Release|Any CPU
		{C297BB97-FDEA-4BE2-92A7-CB3ACE46EEA3}.Release|Any CPU.Build.0 = Release|Any CPU
	EndGlobalSection
	GlobalSection(SolutionProperties) = preSolution
		HideSolutionNode = FALSE
	EndGlobalSection
	GlobalSection(ExtensibilityGlobals) = postSolution
		SolutionGuid = {5B6D6A8E-8F4F-4AFB-BBEE-D05DFB498FFC}
	EndGlobalSection
EndGlobal
